// !$*UTF8*$!
{
	archiveVersion = 1;
	classes = {
	};
	objectVersion = 56;
	objects = {

/* Begin PBXBuildFile section */
		B38994C32963145300936A9C /* LearniOSApp.swift in Sources */ = {isa = PBXBuildFile; fileRef = B38994C22963145300936A9C /* LearniOSApp.swift */; };
		B38994C52963145300936A9C /* ContentView.swift in Sources */ = {isa = PBXBuildFile; fileRef = B38994C42963145300936A9C /* ContentView.swift */; };
		B38994C72963145300936A9C /* Assets.xcassets in Resources */ = {isa = PBXBuildFile; fileRef = B38994C62963145300936A9C /* Assets.xcassets */; };
		B38994CA2963145300936A9C /* Preview Assets.xcassets in Resources */ = {isa = PBXBuildFile; fileRef = B38994C92963145300936A9C /* Preview Assets.xcassets */; };
		B38994D42963145400936A9C /* LearniOSTests.swift in Sources */ = {isa = PBXBuildFile; fileRef = B38994D32963145400936A9C /* LearniOSTests.swift */; };
		B38994DE2963145400936A9C /* LearniOSUITests.swift in Sources */ = {isa = PBXBuildFile; fileRef = B38994DD2963145400936A9C /* LearniOSUITests.swift */; };
		B38994E02963145400936A9C /* LearniOSUITestsLaunchTests.swift in Sources */ = {isa = PBXBuildFile; fileRef = B38994DF2963145400936A9C /* LearniOSUITestsLaunchTests.swift */; };
/* End PBXBuildFile section */

/* Begin PBXContainerItemProxy section */
		B38994D02963145400936A9C /* PBXContainerItemProxy */ = {
			isa = PBXContainerItemProxy;
			containerPortal = B38994B72963145200936A9C /* Project object */;
			proxyType = 1;
			remoteGlobalIDString = B38994BE2963145300936A9C;
			remoteInfo = LearniOS;
		};
		B38994DA2963145400936A9C /* PBXContainerItemProxy */ = {
			isa = PBXContainerItemProxy;
			containerPortal = B38994B72963145200936A9C /* Project object */;
			proxyType = 1;
			remoteGlobalIDString = B38994BE2963145300936A9C;
			remoteInfo = LearniOS;
		};
/* End PBXContainerItemProxy section */

/* Begin PBXFileReference section */
		B38994BF2963145300936A9C /* LearniOS.app */ = {isa = PBXFileReference; explicitFileType = wrapper.application; includeInIndex = 0; path = LearniOS.app; sourceTree = BUILT_PRODUCTS_DIR; };
		B38994C22963145300936A9C /* LearniOSApp.swift */ = {isa = PBXFileReference; lastKnownFileType = sourcecode.swift; path = LearniOSApp.swift; sourceTree = "<group>"; };
		B38994C42963145300936A9C /* ContentView.swift */ = {isa = PBXFileReference; lastKnownFileType = sourcecode.swift; path = ContentView.swift; sourceTree = "<group>"; };
		B38994C62963145300936A9C /* Assets.xcassets */ = {isa = PBXFileReference; lastKnownFileType = folder.assetcatalog; path = Assets.xcassets; sourceTree = "<group>"; };
		B38994C92963145300936A9C /* Preview Assets.xcassets */ = {isa = PBXFileReference; lastKnownFileType = folder.assetcatalog; path = "Preview Assets.xcassets"; sourceTree = "<group>"; };
		B38994CF2963145400936A9C /* LearniOSTests.xctest */ = {isa = PBXFileReference; explicitFileType = wrapper.cfbundle; includeInIndex = 0; path = LearniOSTests.xctest; sourceTree = BUILT_PRODUCTS_DIR; };
		B38994D32963145400936A9C /* LearniOSTests.swift */ = {isa = PBXFileReference; lastKnownFileType = sourcecode.swift; path = LearniOSTests.swift; sourceTree = "<group>"; };
		B38994D92963145400936A9C /* LearniOSUITests.xctest */ = {isa = PBXFileReference; explicitFileType = wrapper.cfbundle; includeInIndex = 0; path = LearniOSUITests.xctest; sourceTree = BUILT_PRODUCTS_DIR; };
		B38994DD2963145400936A9C /* LearniOSUITests.swift */ = {isa = PBXFileReference; lastKnownFileType = sourcecode.swift; path = LearniOSUITests.swift; sourceTree = "<group>"; };
		B38994DF2963145400936A9C /* LearniOSUITestsLaunchTests.swift */ = {isa = PBXFileReference; lastKnownFileType = sourcecode.swift; path = LearniOSUITestsLaunchTests.swift; sourceTree = "<group>"; };
/* End PBXFileReference section */

/* Begin PBXFrameworksBuildPhase section */
		B38994BC2963145300936A9C /* Frameworks */ = {
			isa = PBXFrameworksBuildPhase;
			buildActionMask = 2147483647;
			files = (
			);
			runOnlyForDeploymentPostprocessing = 0;
		};
		B38994CC2963145400936A9C /* Frameworks */ = {
			isa = PBXFrameworksBuildPhase;
			buildActionMask = 2147483647;
			files = (
			);
			runOnlyForDeploymentPostprocessing = 0;
		};
		B38994D62963145400936A9C /* Frameworks */ = {
			isa = PBXFrameworksBuildPhase;
			buildActionMask = 2147483647;
			files = (
			);
			runOnlyForDeploymentPostprocessing = 0;
		};
/* End PBXFrameworksBuildPhase section */

/* Begin PBXGroup section */
		B38994B62963145200936A9C = {
			isa = PBXGroup;
			children = (
				B38994C12963145300936A9C /* LearniOS */,
				B38994D22963145400936A9C /* LearniOSTests */,
				B38994DC2963145400936A9C /* LearniOSUITests */,
				B38994C02963145300936A9C /* Products */,
			);
			sourceTree = "<group>";
		};
		B38994C02963145300936A9C /* Products */ = {
			isa = PBXGroup;
			children = (
				B38994BF2963145300936A9C /* LearniOS.app */,
				B38994CF2963145400936A9C /* LearniOSTests.xctest */,
				B38994D92963145400936A9C /* LearniOSUITests.xctest */,
			);
			name = Products;
			sourceTree = "<group>";
		};
		B38994C12963145300936A9C /* LearniOS */ = {
			isa = PBXGroup;
			children = (
				B38994C22963145300936A9C /* LearniOSApp.swift */,
				B38994C42963145300936A9C /* ContentView.swift */,
				B38994C62963145300936A9C /* Assets.xcassets */,
				B38994C82963145300936A9C /* Preview Content */,
			);
			path = LearniOS;
			sourceTree = "<group>";
		};
		B38994C82963145300936A9C /* Preview Content */ = {
			isa = PBXGroup;
			children = (
				B38994C92963145300936A9C /* Preview Assets.xcassets */,
			);
			path = "Preview Content";
			sourceTree = "<group>";
		};
		B38994D22963145400936A9C /* LearniOSTests */ = {
			isa = PBXGroup;
			children = (
				B38994D32963145400936A9C /* LearniOSTests.swift */,
			);
			path = LearniOSTests;
			sourceTree = "<group>";
		};
		B38994DC2963145400936A9C /* LearniOSUITests */ = {
			isa = PBXGroup;
			children = (
				B38994DD2963145400936A9C /* LearniOSUITests.swift */,
				B38994DF2963145400936A9C /* LearniOSUITestsLaunchTests.swift */,
			);
			path = LearniOSUITests;
			sourceTree = "<group>";
		};
/* End PBXGroup section */

/* Begin PBXNativeTarget section */
		B38994BE2963145300936A9C /* LearniOS */ = {
			isa = PBXNativeTarget;
			buildConfigurationList = B38994E32963145400936A9C /* Build configuration list for PBXNativeTarget "LearniOS" */;
			buildPhases = (
				B38994BB2963145300936A9C /* Sources */,
				B38994BC2963145300936A9C /* Frameworks */,
				B38994BD2963145300936A9C /* Resources */,
			);
			buildRules = (
			);
			dependencies = (
			);
			name = LearniOS;
			productName = LearniOS;
			productReference = B38994BF2963145300936A9C /* LearniOS.app */;
			productType = "com.apple.product-type.application";
		};
		B38994CE2963145400936A9C /* LearniOSTests */ = {
			isa = PBXNativeTarget;
			buildConfigurationList = B38994E62963145400936A9C /* Build configuration list for PBXNativeTarget "LearniOSTests" */;
			buildPhases = (
				B38994CB2963145400936A9C /* Sources */,
				B38994CC2963145400936A9C /* Frameworks */,
				B38994CD2963145400936A9C /* Resources */,
			);
			buildRules = (
			);
			dependencies = (
				B38994D12963145400936A9C /* PBXTargetDependency */,
			);
			name = LearniOSTests;
			productName = LearniOSTests;
			productReference = B38994CF2963145400936A9C /* LearniOSTests.xctest */;
			productType = "com.apple.product-type.bundle.unit-test";
		};
		B38994D82963145400936A9C /* LearniOSUITests */ = {
			isa = PBXNativeTarget;
			buildConfigurationList = B38994E92963145400936A9C /* Build configuration list for PBXNativeTarget "LearniOSUITests" */;
			buildPhases = (
				B38994D52963145400936A9C /* Sources */,
				B38994D62963145400936A9C /* Frameworks */,
				B38994D72963145400936A9C /* Resources */,
			);
			buildRules = (
			);
			dependencies = (
				B38994DB2963145400936A9C /* PBXTargetDependency */,
			);
			name = LearniOSUITests;
			productName = LearniOSUITests;
			productReference = B38994D92963145400936A9C /* LearniOSUITests.xctest */;
			productType = "com.apple.product-type.bundle.ui-testing";
		};
/* End PBXNativeTarget section */

/* Begin PBXProject section */
		B38994B72963145200936A9C /* Project object */ = {
			isa = PBXProject;
			attributes = {
				BuildIndependentTargetsInParallel = 1;
				LastSwiftUpdateCheck = 1400;
				LastUpgradeCheck = 1400;
				TargetAttributes = {
					B38994BE2963145300936A9C = {
						CreatedOnToolsVersion = 14.0.1;
					};
					B38994CE2963145400936A9C = {
						CreatedOnToolsVersion = 14.0.1;
						TestTargetID = B38994BE2963145300936A9C;
					};
					B38994D82963145400936A9C = {
						CreatedOnToolsVersion = 14.0.1;
						TestTargetID = B38994BE2963145300936A9C;
					};
				};
			};
			buildConfigurationList = B38994BA2963145200936A9C /* Build configuration list for PBXProject "LearniOS" */;
			compatibilityVersion = "Xcode 14.0";
			developmentRegion = en;
			hasScannedForEncodings = 0;
			knownRegions = (
				en,
				Base,
			);
			mainGroup = B38994B62963145200936A9C;
			productRefGroup = B38994C02963145300936A9C /* Products */;
			projectDirPath = "";
			projectRoot = "";
			targets = (
				B38994BE2963145300936A9C /* LearniOS */,
				B38994CE2963145400936A9C /* LearniOSTests */,
				B38994D82963145400936A9C /* LearniOSUITests */,
			);
		};
/* End PBXProject section */

/* Begin PBXResourcesBuildPhase section */
		B38994BD2963145300936A9C /* Resources */ = {
			isa = PBXResourcesBuildPhase;
			buildActionMask = 2147483647;
			files = (
				B38994CA2963145300936A9C /* Preview Assets.xcassets in Resources */,
				B38994C72963145300936A9C /* Assets.xcassets in Resources */,
			);
			runOnlyForDeploymentPostprocessing = 0;
		};
		B38994CD2963145400936A9C /* Resources */ = {
			isa = PBXResourcesBuildPhase;
			buildActionMask = 2147483647;
			files = (
			);
			runOnlyForDeploymentPostprocessing = 0;
		};
		B38994D72963145400936A9C /* Resources */ = {
			isa = PBXResourcesBuildPhase;
			buildActionMask = 2147483647;
			files = (
			);
			runOnlyForDeploymentPostprocessing = 0;
		};
/* End PBXResourcesBuildPhase section */

/* Begin PBXSourcesBuildPhase section */
		B38994BB2963145300936A9C /* Sources */ = {
			isa = PBXSourcesBuildPhase;
			buildActionMask = 2147483647;
			files = (
				B38994C52963145300936A9C /* ContentView.swift in Sources */,
				B38994C32963145300936A9C /* LearniOSApp.swift in Sources */,
			);
			runOnlyForDeploymentPostprocessing = 0;
		};
		B38994CB2963145400936A9C /* Sources */ = {
			isa = PBXSourcesBuildPhase;
			buildActionMask = 2147483647;
			files = (
				B38994D42963145400936A9C /* LearniOSTests.swift in Sources */,
			);
			runOnlyForDeploymentPostprocessing = 0;
		};
		B38994D52963145400936A9C /* Sources */ = {
			isa = PBXSourcesBuildPhase;
			buildActionMask = 2147483647;
			files = (
				B38994E02963145400936A9C /* LearniOSUITestsLaunchTests.swift in Sources */,
				B38994DE2963145400936A9C /* LearniOSUITests.swift in Sources */,
			);
			runOnlyForDeploymentPostprocessing = 0;
		};
/* End PBXSourcesBuildPhase section */

/* Begin PBXTargetDependency section */
		B38994D12963145400936A9C /* PBXTargetDependency */ = {
			isa = PBXTargetDependency;
			target = B38994BE2963145300936A9C /* LearniOS */;
			targetProxy = B38994D02963145400936A9C /* PBXContainerItemProxy */;
		};
		B38994DB2963145400936A9C /* PBXTargetDependency */ = {
			isa = PBXTargetDependency;
			target = B38994BE2963145300936A9C /* LearniOS */;
			targetProxy = B38994DA2963145400936A9C /* PBXContainerItemProxy */;
		};
/* End PBXTargetDependency section */

/* Begin XCBuildConfiguration section */
		B38994E12963145400936A9C /* Debug */ = {
			isa = XCBuildConfiguration;
			buildSettings = {
				ALWAYS_SEARCH_USER_PATHS = NO;
				CLANG_ANALYZER_NONNULL = YES;
				CLANG_ANALYZER_NUMBER_OBJECT_CONVERSION = YES_AGGRESSIVE;
				CLANG_CXX_LANGUAGE_STANDARD = "gnu++20";
				CLANG_ENABLE_MODULES = YES;
				CLANG_ENABLE_OBJC_ARC = YES;
				CLANG_ENABLE_OBJC_WEAK = YES;
				CLANG_WARN_BLOCK_CAPTURE_AUTORELEASING = YES;
				CLANG_WARN_BOOL_CONVERSION = YES;
				CLANG_WARN_COMMA = YES;
				CLANG_WARN_CONSTANT_CONVERSION = YES;
				CLANG_WARN_DEPRECATED_OBJC_IMPLEMENTATIONS = YES;
				CLANG_WARN_DIRECT_OBJC_ISA_USAGE = YES_ERROR;
				CLANG_WARN_DOCUMENTATION_COMMENTS = YES;
				CLANG_WARN_EMPTY_BODY = YES;
				CLANG_WARN_ENUM_CONVERSION = YES;
				CLANG_WARN_INFINITE_RECURSION = YES;
				CLANG_WARN_INT_CONVERSION = YES;
				CLANG_WARN_NON_LITERAL_NULL_CONVERSION = YES;
				CLANG_WARN_OBJC_IMPLICIT_RETAIN_SELF = YES;
				CLANG_WARN_OBJC_LITERAL_CONVERSION = YES;
				CLANG_WARN_OBJC_ROOT_CLASS = YES_ERROR;
				CLANG_WARN_QUOTED_INCLUDE_IN_FRAMEWORK_HEADER = YES;
				CLANG_WARN_RANGE_LOOP_ANALYSIS = YES;
				CLANG_WARN_STRICT_PROTOTYPES = YES;
				CLANG_WARN_SUSPICIOUS_MOVE = YES;
				CLANG_WARN_UNGUARDED_AVAILABILITY = YES_AGGRESSIVE;
				CLANG_WARN_UNREACHABLE_CODE = YES;
				CLANG_WARN__DUPLICATE_METHOD_MATCH = YES;
				COPY_PHASE_STRIP = NO;
				DEBUG_INFORMATION_FORMAT = dwarf;
				ENABLE_STRICT_OBJC_MSGSEND = YES;
				ENABLE_TESTABILITY = YES;
				GCC_C_LANGUAGE_STANDARD = gnu11;
				GCC_DYNAMIC_NO_PIC = NO;
				GCC_NO_COMMON_BLOCKS = YES;
				GCC_OPTIMIZATION_LEVEL = 0;
				GCC_PREPROCESSOR_DEFINITIONS = (
					"DEBUG=1",
					"$(inherited)",
				);
				GCC_WARN_64_TO_32_BIT_CONVERSION = YES;
				GCC_WARN_ABOUT_RETURN_TYPE = YES_ERROR;
				GCC_WARN_UNDECLARED_SELECTOR = YES;
				GCC_WARN_UNINITIALIZED_AUTOS = YES_AGGRESSIVE;
				GCC_WARN_UNUSED_FUNCTION = YES;
				GCC_WARN_UNUSED_VARIABLE = YES;
				IPHONEOS_DEPLOYMENT_TARGET = 16.0;
				MTL_ENABLE_DEBUG_INFO = INCLUDE_SOURCE;
				MTL_FAST_MATH = YES;
				ONLY_ACTIVE_ARCH = YES;
				SDKROOT = iphoneos;
				SWIFT_ACTIVE_COMPILATION_CONDITIONS = DEBUG;
				SWIFT_OPTIMIZATION_LEVEL = "-Onone";
			};
			name = Debug;
		};
		B38994E22963145400936A9C /* Release */ = {
			isa = XCBuildConfiguration;
			buildSettings = {
				ALWAYS_SEARCH_USER_PATHS = NO;
				CLANG_ANALYZER_NONNULL = YES;
				CLANG_ANALYZER_NUMBER_OBJECT_CONVERSION = YES_AGGRESSIVE;
				CLANG_CXX_LANGUAGE_STANDARD = "gnu++20";
				CLANG_ENABLE_MODULES = YES;
				CLANG_ENABLE_OBJC_ARC = YES;
				CLANG_ENABLE_OBJC_WEAK = YES;
				CLANG_WARN_BLOCK_CAPTURE_AUTORELEASING = YES;
				CLANG_WARN_BOOL_CONVERSION = YES;
				CLANG_WARN_COMMA = YES;
				CLANG_WARN_CONSTANT_CONVERSION = YES;
				CLANG_WARN_DEPRECATED_OBJC_IMPLEMENTATIONS = YES;
				CLANG_WARN_DIRECT_OBJC_ISA_USAGE = YES_ERROR;
				CLANG_WARN_DOCUMENTATION_COMMENTS = YES;
				CLANG_WARN_EMPTY_BODY = YES;
				CLANG_WARN_ENUM_CONVERSION = YES;
				CLANG_WARN_INFINITE_RECURSION = YES;
				CLANG_WARN_INT_CONVERSION = YES;
				CLANG_WARN_NON_LITERAL_NULL_CONVERSION = YES;
				CLANG_WARN_OBJC_IMPLICIT_RETAIN_SELF = YES;
				CLANG_WARN_OBJC_LITERAL_CONVERSION = YES;
				CLANG_WARN_OBJC_ROOT_CLASS = YES_ERROR;
				CLANG_WARN_QUOTED_INCLUDE_IN_FRAMEWORK_HEADER = YES;
				CLANG_WARN_RANGE_LOOP_ANALYSIS = YES;
				CLANG_WARN_STRICT_PROTOTYPES = YES;
				CLANG_WARN_SUSPICIOUS_MOVE = YES;
				CLANG_WARN_UNGUARDED_AVAILABILITY = YES_AGGRESSIVE;
				CLANG_WARN_UNREACHABLE_CODE = YES;
				CLANG_WARN__DUPLICATE_METHOD_MATCH = YES;
				COPY_PHASE_STRIP = NO;
				DEBUG_INFORMATION_FORMAT = "dwarf-with-dsym";
				ENABLE_NS_ASSERTIONS = NO;
				ENABLE_STRICT_OBJC_MSGSEND = YES;
				GCC_C_LANGUAGE_STANDARD = gnu11;
				GCC_NO_COMMON_BLOCKS = YES;
				GCC_WARN_64_TO_32_BIT_CONVERSION = YES;
				GCC_WARN_ABOUT_RETURN_TYPE = YES_ERROR;
				GCC_WARN_UNDECLARED_SELECTOR = YES;
				GCC_WARN_UNINITIALIZED_AUTOS = YES_AGGRESSIVE;
				GCC_WARN_UNUSED_FUNCTION = YES;
				GCC_WARN_UNUSED_VARIABLE = YES;
				IPHONEOS_DEPLOYMENT_TARGET = 16.0;
				MTL_ENABLE_DEBUG_INFO = NO;
				MTL_FAST_MATH = YES;
				SDKROOT = iphoneos;
				SWIFT_COMPILATION_MODE = wholemodule;
				SWIFT_OPTIMIZATION_LEVEL = "-O";
				VALIDATE_PRODUCT = YES;
			};
			name = Release;
		};
		B38994E42963145400936A9C /* Debug */ = {
			isa = XCBuildConfiguration;
			buildSettings = {
				ASSETCATALOG_COMPILER_APPICON_NAME = AppIcon;
				ASSETCATALOG_COMPILER_GLOBAL_ACCENT_COLOR_NAME = AccentColor;
				CODE_SIGN_STYLE = Automatic;
				CURRENT_PROJECT_VERSION = 1;
				DEVELOPMENT_ASSET_PATHS = "\"LearniOS/Preview Content\"";
				ENABLE_PREVIEWS = YES;
				GENERATE_INFOPLIST_FILE = YES;
				INFOPLIST_KEY_UIApplicationSceneManifest_Generation = YES;
				INFOPLIST_KEY_UIApplicationSupportsIndirectInputEvents = YES;
				INFOPLIST_KEY_UILaunchScreen_Generation = YES;
				INFOPLIST_KEY_UISupportedInterfaceOrientations_iPad = "UIInterfaceOrientationPortrait UIInterfaceOrientationPortraitUpsideDown UIInterfaceOrientationLandscapeLeft UIInterfaceOrientationLandscapeRight";
				INFOPLIST_KEY_UISupportedInterfaceOrientations_iPhone = "UIInterfaceOrientationPortrait UIInterfaceOrientationLandscapeLeft UIInterfaceOrientationLandscapeRight";
				LD_RUNPATH_SEARCH_PATHS = (
					"$(inherited)",
					"@executable_path/Frameworks",
				);
				MARKETING_VERSION = 1.0;
				PRODUCT_BUNDLE_IDENTIFIER = com.matteohertel.LearniOS;
				PRODUCT_NAME = "$(TARGET_NAME)";
				SWIFT_EMIT_LOC_STRINGS = YES;
				SWIFT_VERSION = 5.0;
				TARGETED_DEVICE_FAMILY = "1,2";
			};
			name = Debug;
		};
		B38994E52963145400936A9C /* Release */ = {
			isa = XCBuildConfiguration;
			buildSettings = {
				ASSETCATALOG_COMPILER_APPICON_NAME = AppIcon;
				ASSETCATALOG_COMPILER_GLOBAL_ACCENT_COLOR_NAME = AccentColor;
				CODE_SIGN_STYLE = Automatic;
				CURRENT_PROJECT_VERSION = 1;
				DEVELOPMENT_ASSET_PATHS = "\"LearniOS/Preview Content\"";
				ENABLE_PREVIEWS = YES;
				GENERATE_INFOPLIST_FILE = YES;
				INFOPLIST_KEY_UIApplicationSceneManifest_Generation = YES;
				INFOPLIST_KEY_UIApplicationSupportsIndirectInputEvents = YES;
				INFOPLIST_KEY_UILaunchScreen_Generation = YES;
				INFOPLIST_KEY_UISupportedInterfaceOrientations_iPad = "UIInterfaceOrientationPortrait UIInterfaceOrientationPortraitUpsideDown UIInterfaceOrientationLandscapeLeft UIInterfaceOrientationLandscapeRight";
				INFOPLIST_KEY_UISupportedInterfaceOrientations_iPhone = "UIInterfaceOrientationPortrait UIInterfaceOrientationLandscapeLeft UIInterfaceOrientationLandscapeRight";
				LD_RUNPATH_SEARCH_PATHS = (
					"$(inherited)",
					"@executable_path/Frameworks",
				);
				MARKETING_VERSION = 1.0;
				PRODUCT_BUNDLE_IDENTIFIER = com.matteohertel.LearniOS;
				PRODUCT_NAME = "$(TARGET_NAME)";
				SWIFT_EMIT_LOC_STRINGS = YES;
				SWIFT_VERSION = 5.0;
				TARGETED_DEVICE_FAMILY = "1,2";
			};
			name = Release;
		};
		B38994E72963145400936A9C /* Debug */ = {
			isa = XCBuildConfiguration;
			buildSettings = {
				ALWAYS_EMBED_SWIFT_STANDARD_LIBRARIES = YES;
				BUNDLE_LOADER = "$(TEST_HOST)";
				CODE_SIGN_STYLE = Automatic;
				CURRENT_PROJECT_VERSION = 1;
				GENERATE_INFOPLIST_FILE = YES;
				IPHONEOS_DEPLOYMENT_TARGET = 16.0;
				MARKETING_VERSION = 1.0;
				PRODUCT_BUNDLE_IDENTIFIER = com.matteohertel.LearniOSTests;
				PRODUCT_NAME = "$(TARGET_NAME)";
				SWIFT_EMIT_LOC_STRINGS = NO;
				SWIFT_VERSION = 5.0;
				TARGETED_DEVICE_FAMILY = "1,2";
				TEST_HOST = "$(BUILT_PRODUCTS_DIR)/LearniOS.app/$(BUNDLE_EXECUTABLE_FOLDER_PATH)/LearniOS";
			};
			name = Debug;
		};
		B38994E82963145400936A9C /* Release */ = {
			isa = XCBuildConfiguration;
			buildSettings = {
				ALWAYS_EMBED_SWIFT_STANDARD_LIBRARIES = YES;
				BUNDLE_LOADER = "$(TEST_HOST)";
				CODE_SIGN_STYLE = Automatic;
				CURRENT_PROJECT_VERSION = 1;
				GENERATE_INFOPLIST_FILE = YES;
				IPHONEOS_DEPLOYMENT_TARGET = 16.0;
				MARKETING_VERSION = 1.0;
				PRODUCT_BUNDLE_IDENTIFIER = com.matteohertel.LearniOSTests;
				PRODUCT_NAME = "$(TARGET_NAME)";
				SWIFT_EMIT_LOC_STRINGS = NO;
				SWIFT_VERSION = 5.0;
				TARGETED_DEVICE_FAMILY = "1,2";
				TEST_HOST = "$(BUILT_PRODUCTS_DIR)/LearniOS.app/$(BUNDLE_EXECUTABLE_FOLDER_PATH)/LearniOS";
			};
			name = Release;
		};
		B38994EA2963145400936A9C /* Debug */ = {
			isa = XCBuildConfiguration;
			buildSettings = {
				ALWAYS_EMBED_SWIFT_STANDARD_LIBRARIES = YES;
				CODE_SIGN_STYLE = Automatic;
				CURRENT_PROJECT_VERSION = 1;
				GENERATE_INFOPLIST_FILE = YES;
				MARKETING_VERSION = 1.0;
				PRODUCT_BUNDLE_IDENTIFIER = com.matteohertel.LearniOSUITests;
				PRODUCT_NAME = "$(TARGET_NAME)";
				SWIFT_EMIT_LOC_STRINGS = NO;
				SWIFT_VERSION = 5.0;
				TARGETED_DEVICE_FAMILY = "1,2";
				TEST_TARGET_NAME = LearniOS;
			};
			name = Debug;
		};
		B38994EB2963145400936A9C /* Release */ = {
			isa = XCBuildConfiguration;
			buildSettings = {
				ALWAYS_EMBED_SWIFT_STANDARD_LIBRARIES = YES;
				CODE_SIGN_STYLE = Automatic;
				CURRENT_PROJECT_VERSION = 1;
				GENERATE_INFOPLIST_FILE = YES;
				MARKETING_VERSION = 1.0;
				PRODUCT_BUNDLE_IDENTIFIER = com.matteohertel.LearniOSUITests;
				PRODUCT_NAME = "$(TARGET_NAME)";
				SWIFT_EMIT_LOC_STRINGS = NO;
				SWIFT_VERSION = 5.0;
				TARGETED_DEVICE_FAMILY = "1,2";
				TEST_TARGET_NAME = LearniOS;
			};
			name = Release;
		};
/* End XCBuildConfiguration section */

/* Begin XCConfigurationList section */
		B38994BA2963145200936A9C /* Build configuration list for PBXProject "LearniOS" */ = {
			isa = XCConfigurationList;
			buildConfigurations = (
				B38994E12963145400936A9C /* Debug */,
				B38994E22963145400936A9C /* Release */,
			);
			defaultConfigurationIsVisible = 0;
			defaultConfigurationName = Release;
		};
		B38994E32963145400936A9C /* Build configuration list for PBXNativeTarget "LearniOS" */ = {
			isa = XCConfigurationList;
			buildConfigurations = (
				B38994E42963145400936A9C /* Debug */,
				B38994E52963145400936A9C /* Release */,
			);
			defaultConfigurationIsVisible = 0;
			defaultConfigurationName = Release;
		};
		B38994E62963145400936A9C /* Build configuration list for PBXNativeTarget "LearniOSTests" */ = {
			isa = XCConfigurationList;
			buildConfigurations = (
				B38994E72963145400936A9C /* Debug */,
				B38994E82963145400936A9C /* Release */,
			);
			defaultConfigurationIsVisible = 0;
			defaultConfigurationName = Release;
		};
		B38994E92963145400936A9C /* Build configuration list for PBXNativeTarget "LearniOSUITests" */ = {
			isa = XCConfigurationList;
			buildConfigurations = (
				B38994EA2963145400936A9C /* Debug */,
				B38994EB2963145400936A9C /* Release */,
			);
			defaultConfigurationIsVisible = 0;
			defaultConfigurationName = Release;
		};
/* End XCConfigurationList section */
	};
	rootObject = B38994B72963145200936A9C /* Project object */;
}
